
Microsoft Visual Studio Solution File, Format Version 12.00
# Visual Studio Version 16
VisualStudioVersion = 16.0.30717.126
MinimumVisualStudioVersion = 10.0.40219.1
Project("{888888A0-9F3D-457C-B088-3A5042F75D52}") = "TechWithTimTutorial", "TechWithTimTutorial\TechWithTimTutorial.pyproj", "{F706313D-98D9-4A7B-9A19-2F28C2085903}"
EndProject
Global
	GlobalSection(SolutionConfigurationPlatforms) = preSolution
		Debug|Any CPU = Debug|Any CPU
		Release|Any CPU = Release|Any CPU
	EndGlobalSection
	GlobalSection(ProjectConfigurationPlatforms) = postSolution
		{F706313D-98D9-4A7B-9A19-2F28C2085903}.Debug|Any CPU.ActiveCfg = Debug|Any CPU
		{F706313D-98D9-4A7B-9A19-2F28C2085903}.Release|Any CPU.ActiveCfg = Release|Any CPU
	EndGlobalSection
	GlobalSection(SolutionProperties) = preSolution
		HideSolutionNode = FALSE
	EndGlobalSection
	GlobalSection(ExtensibilityGlobals) = postSolution
		SolutionGuid = {1BB9B5F5-6A2C-4DEA-83B8-299AB067FB65}
	EndGlobalSection
EndGlobal
